
Microsoft Visual Studio Solution File, Format Version 12.00
# Visual Studio Version 17
VisualStudioVersion = 17.1.32210.238
MinimumVisualStudioVersion = 10.0.40219.1
Project("{FAE04EC0-301F-11D3-BF4B-00C04F79EFBC}") = "TallerLinQ", "TallerLinQ\TallerLinQ.csproj", "{2E57D4A3-7360-410A-B144-5CD9EC2BC4B8}"
EndProject
Global
	GlobalSection(SolutionConfigurationPlatforms) = preSolution
		Debug|Any CPU = Debug|Any CPU
		Release|Any CPU = Release|Any CPU
	EndGlobalSection
	GlobalSection(ProjectConfigurationPlatforms) = postSolution
		{2E57D4A3-7360-410A-B144-5CD9EC2BC4B8}.Debug|Any CPU.ActiveCfg = Debug|Any CPU
		{2E57D4A3-7360-410A-B144-5CD9EC2BC4B8}.Debug|Any CPU.Build.0 = Debug|Any CPU
		{2E57D4A3-7360-410A-B144-5CD9EC2BC4B8}.Release|Any CPU.ActiveCfg = Release|Any CPU
		{2E57D4A3-7360-410A-B144-5CD9EC2BC4B8}.Release|Any CPU.Build.0 = Release|Any CPU
	EndGlobalSection
	GlobalSection(SolutionProperties) = preSolution
		HideSolutionNode = FALSE
	EndGlobalSection
	GlobalSection(ExtensibilityGlobals) = postSolution
		SolutionGuid = {C50941F5-A6EB-4231-9798-387BCDFA08B8}
	EndGlobalSection
EndGlobal
